Microsoft Visual Studio Solution File, Format Version 11.00
# Visual Studio 2008

Project("{6BDED21C-3DA0-D8D6-4A69-013FA0629BA0}") = "BrickBreakerISO", "Assembly-CSharp.csproj", "{B92F65AC-70CD-0660-E291-137B99DECAF1}"
EndProject
Global
	GlobalSection(SolutionConfigurationPlatforms) = preSolution
		Debug|Any CPU = Debug|Any CPU
		Release|Any CPU = Release|Any CPU
	EndGlobalSection
	GlobalSection(ProjectConfigurationPlatforms) = postSolution
		{B92F65AC-70CD-0660-E291-137B99DECAF1}.Debug|Any CPU.ActiveCfg = Debug|Any CPU
		{B92F65AC-70CD-0660-E291-137B99DECAF1}.Debug|Any CPU.Build.0 = Debug|Any CPU
		{B92F65AC-70CD-0660-E291-137B99DECAF1}.Release|Any CPU.ActiveCfg = Release|Any CPU
		{B92F65AC-70CD-0660-E291-137B99DECAF1}.Release|Any CPU.Build.0 = Release|Any CPU
	EndGlobalSection
	GlobalSection(SolutionProperties) = preSolution
		HideSolutionNode = FALSE
	EndGlobalSection
	GlobalSection(MonoDevelopProperties) = preSolution
		StartupItem = Assembly-CSharp.csproj
	EndGlobalSection
EndGlobal
